
Microsoft Visual Studio Solution File, Format Version 12.00
# Visual Studio Version 17
VisualStudioVersion = 17.0.32126.317
MinimumVisualStudioVersion = 10.0.40219.1
Project("{9A19103F-16F7-4668-BE54-9A1E7A4F7556}") = "Login_Page", "Login_Page\Login_Page.csproj", "{81C2D014-27E9-4F44-A5EC-6AD575B19D60}"
EndProject
Global
	GlobalSection(SolutionConfigurationPlatforms) = preSolution
		Debug|Any CPU = Debug|Any CPU
		Release|Any CPU = Release|Any CPU
	EndGlobalSection
	GlobalSection(ProjectConfigurationPlatforms) = postSolution
		{81C2D014-27E9-4F44-A5EC-6AD575B19D60}.Debug|Any CPU.ActiveCfg = Debug|Any CPU
		{81C2D014-27E9-4F44-A5EC-6AD575B19D60}.Debug|Any CPU.Build.0 = Debug|Any CPU
		{81C2D014-27E9-4F44-A5EC-6AD575B19D60}.Release|Any CPU.ActiveCfg = Release|Any CPU
		{81C2D014-27E9-4F44-A5EC-6AD575B19D60}.Release|Any CPU.Build.0 = Release|Any CPU
	EndGlobalSection
	GlobalSection(SolutionProperties) = preSolution
		HideSolutionNode = FALSE
	EndGlobalSection
	GlobalSection(ExtensibilityGlobals) = postSolution
		SolutionGuid = {54CE21C6-B334-44F5-AC0F-5BF7231D9B5A}
	EndGlobalSection
EndGlobal
